<?xml version="1.0" encoding="utf-8"?>
<Project ToolsVersion="4.0" xmlns="http://schemas.microsoft.com/developer/msbuild/2003">
  <ItemGroup>
    <ClCompile Include="Button.cpp" />
    <ClCompile Include="Capture.cpp" />
    <ClCompile Include="Client.cpp" />
    <ClCompile Include="DB.cpp" />
    <ClCompile Include="GameState.cpp" />
    <ClCompile Include="Menu.cpp" />
    <ClCompile Include="MenuState.cpp" />
    <ClCompile Include="Obstacle.cpp" />
    <ClCompile Include="Move.cpp" />
    <ClCompile Include="MoveSlot.cpp" />
    <ClCompile Include="MoveTab.cpp" />
    <ClCompile Include="OptionState.cpp" />
    <ClCompile Include="Overworld.cpp" />
    <ClCompile Include="Player.cpp" />
    <ClCompile Include="Pokemon.cpp" />
    <ClCompile Include="PokemonSafari.cpp" />
    <ClCompile Include="PokemonBuilder.cpp" />
    <ClCompile Include="PokemonTab.cpp" />
    <ClCompile Include="Safari.cpp" />
    <ClCompile Include="Shop.cpp" />
    <ClCompile Include="Showdown.cpp" />
    <ClCompile Include="Source.cpp" />
    <ClCompile Include="StateManager.cpp" />
    <ClCompile Include="Team.cpp" />
    <ClCompile Include="TeamBuilder.cpp" />
    <ClCompile Include="TeamSlot.cpp" />
    <ClCompile Include="tools.cpp" />
  </ItemGroup>
  <ItemGroup>
    <ClInclude Include="Button.h" />
    <ClInclude Include="Capture.h" />
    <ClInclude Include="Client.h" />
    <ClInclude Include="DB.h" />
    <ClInclude Include="GameState.h" />
    <ClInclude Include="Menu.h" />
    <ClInclude Include="MenuState.h" />
    <ClInclude Include="Obstacle.h" />
    <ClInclude Include="Move.h" />
    <ClInclude Include="MoveSlot.h" />
    <ClInclude Include="MoveTab.h" />
    <ClInclude Include="OptionState.h" />
    <ClInclude Include="Overworld.h" />
    <ClInclude Include="Player.h" />
    <ClInclude Include="Pokemon.h" />
    <ClInclude Include="PokemonSafari.h" />
    <ClInclude Include="PokemonBuilder.h" />
    <ClInclude Include="PokemonTab.h" />
    <ClInclude Include="Safari.h" />
    <ClInclude Include="Shop.h" />
    <ClInclude Include="Showdown.h" />
    <ClInclude Include="StateManager.h" />
    <ClInclude Include="Team.h" />
    <ClInclude Include="TeamBuilder.h" />
    <ClInclude Include="TeamSlot.h" />
    <ClInclude Include="tools.h" />
  </ItemGroup>
</Project>